
Microsoft Visual Studio Solution File, Format Version 12.00
# Visual Studio Version 17
VisualStudioVersion = 17.3.32825.248
MinimumVisualStudioVersion = 10.0.40219.1
Project("{FAE04EC0-301F-11D3-BF4B-00C04F79EFBC}") = "Portafolio", "Portafolio\Portafolio.csproj", "{C10D32F6-1F4D-4429-99CA-FE46FB639D08}"
EndProject
Global
	GlobalSection(SolutionConfigurationPlatforms) = preSolution
		Debug|Any CPU = Debug|Any CPU
		Release|Any CPU = Release|Any CPU
	EndGlobalSection
	GlobalSection(ProjectConfigurationPlatforms) = postSolution
		{C10D32F6-1F4D-4429-99CA-FE46FB639D08}.Debug|Any CPU.ActiveCfg = Debug|Any CPU
		{C10D32F6-1F4D-4429-99CA-FE46FB639D08}.Debug|Any CPU.Build.0 = Debug|Any CPU
		{C10D32F6-1F4D-4429-99CA-FE46FB639D08}.Release|Any CPU.ActiveCfg = Release|Any CPU
		{C10D32F6-1F4D-4429-99CA-FE46FB639D08}.Release|Any CPU.Build.0 = Release|Any CPU
	EndGlobalSection
	GlobalSection(SolutionProperties) = preSolution
		HideSolutionNode = FALSE
	EndGlobalSection
	GlobalSection(ExtensibilityGlobals) = postSolution
		SolutionGuid = {CEFDBE36-B45B-42A3-83FE-866E0A17D032}
	EndGlobalSection
EndGlobal
